// !$*UTF8*$!
{
	archiveVersion = 1;
	classes = {
	};
	objectVersion = 51;
	objects = {

/* Begin PBXBuildFile section */
		6117844F2459A0B400BC7407 /* GoogleService-Info.plist in Resources */ = {isa = PBXBuildFile; fileRef = 6117844E2459A0B400BC7407 /* GoogleService-Info.plist */; };
		611784512459A0FA00BC7407 /* Podfile in Resources */ = {isa = PBXBuildFile; fileRef = 611784502459A0FA00BC7407 /* Podfile */; };
		61178454245D6A6700BC7407 /* CollectionViewCell.swift in Sources */ = {isa = PBXBuildFile; fileRef = 61178452245D6A6700BC7407 /* CollectionViewCell.swift */; };
		61178455245D6A6700BC7407 /* CollectionViewCell.xib in Resources */ = {isa = PBXBuildFile; fileRef = 61178453245D6A6700BC7407 /* CollectionViewCell.xib */; };
		611784572461BC0D00BC7407 /* ColorSet.xcassets in Resources */ = {isa = PBXBuildFile; fileRef = 611784562461BC0D00BC7407 /* ColorSet.xcassets */; };
		611784592462C37D00BC7407 /* Constants.swift in Sources */ = {isa = PBXBuildFile; fileRef = 611784582462C37D00BC7407 /* Constants.swift */; };
		6117845B2462D04500BC7407 /* ResultViewController.swift in Sources */ = {isa = PBXBuildFile; fileRef = 6117845A2462D04500BC7407 /* ResultViewController.swift */; };
		612842A724756594002520DC /* Ingridients.swift in Sources */ = {isa = PBXBuildFile; fileRef = 612842A624756594002520DC /* Ingridients.swift */; };
		612842A9247565A7002520DC /* Recepie.swift in Sources */ = {isa = PBXBuildFile; fileRef = 612842A8247565A7002520DC /* Recepie.swift */; };
		612842AB24769C8F002520DC /* RegisterViewController.swift in Sources */ = {isa = PBXBuildFile; fileRef = 612842AA24769C8F002520DC /* RegisterViewController.swift */; };
		612842AD24769CFB002520DC /* WelcomeViewController.swift in Sources */ = {isa = PBXBuildFile; fileRef = 612842AC24769CFB002520DC /* WelcomeViewController.swift */; };
		612842AF24769D3E002520DC /* LoginViewController.swift in Sources */ = {isa = PBXBuildFile; fileRef = 612842AE24769D3E002520DC /* LoginViewController.swift */; };
		6143F7592451A8DE007CA873 /* AppDelegate.swift in Sources */ = {isa = PBXBuildFile; fileRef = 6143F7582451A8DE007CA873 /* AppDelegate.swift */; };
		6143F75B2451A8DE007CA873 /* SceneDelegate.swift in Sources */ = {isa = PBXBuildFile; fileRef = 6143F75A2451A8DE007CA873 /* SceneDelegate.swift */; };
		6143F75D2451A8DE007CA873 /* RecepieViewController.swift in Sources */ = {isa = PBXBuildFile; fileRef = 6143F75C2451A8DE007CA873 /* RecepieViewController.swift */; };
		6143F7602451A8DE007CA873 /* Main.storyboard in Resources */ = {isa = PBXBuildFile; fileRef = 6143F75E2451A8DE007CA873 /* Main.storyboard */; };
		6143F7632451A8DE007CA873 /* Mealer.xcdatamodeld in Sources */ = {isa = PBXBuildFile; fileRef = 6143F7612451A8DE007CA873 /* Mealer.xcdatamodeld */; };
		6143F7652451A8DF007CA873 /* Assets.xcassets in Resources */ = {isa = PBXBuildFile; fileRef = 6143F7642451A8DF007CA873 /* Assets.xcassets */; };
		6143F7682451A8DF007CA873 /* LaunchScreen.storyboard in Resources */ = {isa = PBXBuildFile; fileRef = 6143F7662451A8DF007CA873 /* LaunchScreen.storyboard */; };
		6143F7732452CC68007CA873 /* MealerInfo.swift in Sources */ = {isa = PBXBuildFile; fileRef = 6143F7722452CC68007CA873 /* MealerInfo.swift */; };
		FB34FEC3955795B16070B284 /* Pods_Mealer.framework in Frameworks */ = {isa = PBXBuildFile; fileRef = 684731679429D9493C2A358E /* Pods_Mealer.framework */; };
/* End PBXBuildFile section */

/* Begin PBXFileReference section */
		6117844E2459A0B400BC7407 /* GoogleService-Info.plist */ = {isa = PBXFileReference; lastKnownFileType = text.plist; path = "GoogleService-Info.plist"; sourceTree = SOURCE_ROOT; };
		611784502459A0FA00BC7407 /* Podfile */ = {isa = PBXFileReference; fileEncoding = 4; lastKnownFileType = text; path = Podfile; sourceTree = SOURCE_ROOT; xcLanguageSpecificationIdentifier = xcode.lang.ruby; };
		61178452245D6A6700BC7407 /* CollectionViewCell.swift */ = {isa = PBXFileReference; lastKnownFileType = sourcecode.swift; path = CollectionViewCell.swift; sourceTree = "<group>"; };
		61178453245D6A6700BC7407 /* CollectionViewCell.xib */ = {isa = PBXFileReference; lastKnownFileType = file.xib; path = CollectionViewCell.xib; sourceTree = "<group>"; };
		611784562461BC0D00BC7407 /* ColorSet.xcassets */ = {isa = PBXFileReference; lastKnownFileType = folder.assetcatalog; path = ColorSet.xcassets; sourceTree = "<group>"; };
		611784582462C37D00BC7407 /* Constants.swift */ = {isa = PBXFileReference; lastKnownFileType = sourcecode.swift; path = Constants.swift; sourceTree = "<group>"; };
		6117845A2462D04500BC7407 /* ResultViewController.swift */ = {isa = PBXFileReference; lastKnownFileType = sourcecode.swift; path = ResultViewController.swift; sourceTree = "<group>"; };
		612842A624756594002520DC /* Ingridients.swift */ = {isa = PBXFileReference; lastKnownFileType = sourcecode.swift; path = Ingridients.swift; sourceTree = "<group>"; };
		612842A8247565A7002520DC /* Recepie.swift */ = {isa = PBXFileReference; lastKnownFileType = sourcecode.swift; path = Recepie.swift; sourceTree = "<group>"; };
		612842AA24769C8F002520DC /* RegisterViewController.swift */ = {isa = PBXFileReference; lastKnownFileType = sourcecode.swift; path = RegisterViewController.swift; sourceTree = "<group>"; };
		612842AC24769CFB002520DC /* WelcomeViewController.swift */ = {isa = PBXFileReference; lastKnownFileType = sourcecode.swift; path = WelcomeViewController.swift; sourceTree = "<group>"; };
		612842AE24769D3E002520DC /* LoginViewController.swift */ = {isa = PBXFileReference; lastKnownFileType = sourcecode.swift; path = LoginViewController.swift; sourceTree = "<group>"; };
		6143F7552451A8DE007CA873 /* Mealer.app */ = {isa = PBXFileReference; explicitFileType = wrapper.application; includeInIndex = 0; path = Mealer.app; sourceTree = BUILT_PRODUCTS_DIR; };
		6143F7582451A8DE007CA873 /* AppDelegate.swift */ = {isa = PBXFileReference; lastKnownFileType = sourcecode.swift; path = AppDelegate.swift; sourceTree = "<group>"; };
		6143F75A2451A8DE007CA873 /* SceneDelegate.swift */ = {isa = PBXFileReference; lastKnownFileType = sourcecode.swift; path = SceneDelegate.swift; sourceTree = "<group>"; };
		6143F75C2451A8DE007CA873 /* RecepieViewController.swift */ = {isa = PBXFileReference; lastKnownFileType = sourcecode.swift; path = RecepieViewController.swift; sourceTree = "<group>"; };
		6143F75F2451A8DE007CA873 /* Base */ = {isa = PBXFileReference; lastKnownFileType = file.storyboard; name = Base; path = Base.lproj/Main.storyboard; sourceTree = "<group>"; };
		6143F7622451A8DE007CA873 /* Mealer.xcdatamodel */ = {isa = PBXFileReference; lastKnownFileType = wrapper.xcdatamodel; path = Mealer.xcdatamodel; sourceTree = "<group>"; };
		6143F7642451A8DF007CA873 /* Assets.xcassets */ = {isa = PBXFileReference; lastKnownFileType = folder.assetcatalog; path = Assets.xcassets; sourceTree = "<group>"; };
		6143F7672451A8DF007CA873 /* Base */ = {isa = PBXFileReference; lastKnownFileType = file.storyboard; name = Base; path = Base.lproj/LaunchScreen.storyboard; sourceTree = "<group>"; };
		6143F7692451A8DF007CA873 /* Info.plist */ = {isa = PBXFileReference; lastKnownFileType = text.plist.xml; path = Info.plist; sourceTree = "<group>"; };
		6143F7722452CC68007CA873 /* MealerInfo.swift */ = {isa = PBXFileReference; lastKnownFileType = sourcecode.swift; path = MealerInfo.swift; sourceTree = "<group>"; };
		684731679429D9493C2A358E /* Pods_Mealer.framework */ = {isa = PBXFileReference; explicitFileType = wrapper.framework; includeInIndex = 0; path = Pods_Mealer.framework; sourceTree = BUILT_PRODUCTS_DIR; };
		86D6CE07F520737F04121B1B /* Pods-Mealer.release.xcconfig */ = {isa = PBXFileReference; includeInIndex = 1; lastKnownFileType = text.xcconfig; name = "Pods-Mealer.release.xcconfig"; path = "Target Support Files/Pods-Mealer/Pods-Mealer.release.xcconfig"; sourceTree = "<group>"; };
		FC083CE1AF344B56FC863486 /* Pods-Mealer.debug.xcconfig */ = {isa = PBXFileReference; includeInIndex = 1; lastKnownFileType = text.xcconfig; name = "Pods-Mealer.debug.xcconfig"; path = "Target Support Files/Pods-Mealer/Pods-Mealer.debug.xcconfig"; sourceTree = "<group>"; };
/* End PBXFileReference section */

/* Begin PBXFrameworksBuildPhase section */
		6143F7522451A8DE007CA873 /* Frameworks */ = {
			isa = PBXFrameworksBuildPhase;
			buildActionMask = 2147483647;
			files = (
				FB34FEC3955795B16070B284 /* Pods_Mealer.framework in Frameworks */,
			);
			runOnlyForDeploymentPostprocessing = 0;
		};
/* End PBXFrameworksBuildPhase section */

/* Begin PBXGroup section */
		32712647D356654C395EF844 /* Frameworks */ = {
			isa = PBXGroup;
			children = (
				684731679429D9493C2A358E /* Pods_Mealer.framework */,
			);
			name = Frameworks;
			sourceTree = "<group>";
		};
		6143F74C2451A8DD007CA873 = {
			isa = PBXGroup;
			children = (
				6143F7572451A8DE007CA873 /* Mealer */,
				6143F7562451A8DE007CA873 /* Products */,
				BCC6F9802BE03D0D8EBB814E /* Pods */,
				32712647D356654C395EF844 /* Frameworks */,
			);
			sourceTree = "<group>";
		};
		6143F7562451A8DE007CA873 /* Products */ = {
			isa = PBXGroup;
			children = (
				6143F7552451A8DE007CA873 /* Mealer.app */,
			);
			name = Products;
			sourceTree = "<group>";
		};
		6143F7572451A8DE007CA873 /* Mealer */ = {
			isa = PBXGroup;
			children = (
				6143F7582451A8DE007CA873 /* AppDelegate.swift */,
				6143F75A2451A8DE007CA873 /* SceneDelegate.swift */,
				6143F7712452CC1A007CA873 /* Model */,
				6143F7702452CC10007CA873 /* View */,
				6143F76F2452CC00007CA873 /* Controller */,
				6143F7642451A8DF007CA873 /* Assets.xcassets */,
				611784562461BC0D00BC7407 /* ColorSet.xcassets */,
				6143F7662451A8DF007CA873 /* LaunchScreen.storyboard */,
				6143F7692451A8DF007CA873 /* Info.plist */,
				6143F7612451A8DE007CA873 /* Mealer.xcdatamodeld */,
				6117844E2459A0B400BC7407 /* GoogleService-Info.plist */,
				611784502459A0FA00BC7407 /* Podfile */,
				611784582462C37D00BC7407 /* Constants.swift */,
			);
			path = Mealer;
			sourceTree = "<group>";
		};
		6143F76F2452CC00007CA873 /* Controller */ = {
			isa = PBXGroup;
			children = (
				6143F75C2451A8DE007CA873 /* RecepieViewController.swift */,
				6117845A2462D04500BC7407 /* ResultViewController.swift */,
				612842AA24769C8F002520DC /* RegisterViewController.swift */,
				612842AC24769CFB002520DC /* WelcomeViewController.swift */,
				612842AE24769D3E002520DC /* LoginViewController.swift */,
			);
			path = Controller;
			sourceTree = "<group>";
		};
		6143F7702452CC10007CA873 /* View */ = {
			isa = PBXGroup;
			children = (
				6143F75E2451A8DE007CA873 /* Main.storyboard */,
				61178453245D6A6700BC7407 /* CollectionViewCell.xib */,
			);
			path = View;
			sourceTree = "<group>";
		};
		6143F7712452CC1A007CA873 /* Model */ = {
			isa = PBXGroup;
			children = (
				6143F7722452CC68007CA873 /* MealerInfo.swift */,
				612842A8247565A7002520DC /* Recepie.swift */,
				61178452245D6A6700BC7407 /* CollectionViewCell.swift */,
				612842A624756594002520DC /* Ingridients.swift */,
			);
			path = Model;
			sourceTree = "<group>";
		};
		BCC6F9802BE03D0D8EBB814E /* Pods */ = {
			isa = PBXGroup;
			children = (
				FC083CE1AF344B56FC863486 /* Pods-Mealer.debug.xcconfig */,
				86D6CE07F520737F04121B1B /* Pods-Mealer.release.xcconfig */,
			);
			path = Pods;
			sourceTree = "<group>";
		};
/* End PBXGroup section */

/* Begin PBXNativeTarget section */
		6143F7542451A8DE007CA873 /* Mealer */ = {
			isa = PBXNativeTarget;
			buildConfigurationList = 6143F76C2451A8DF007CA873 /* Build configuration list for PBXNativeTarget "Mealer" */;
			buildPhases = (
				4D1A79AA3C10CFF39BD6B402 /* [CP] Check Pods Manifest.lock */,
				6143F7512451A8DE007CA873 /* Sources */,
				6143F7522451A8DE007CA873 /* Frameworks */,
				6143F7532451A8DE007CA873 /* Resources */,
				A4D5456369C333B048B43CCC /* [CP] Embed Pods Frameworks */,
			);
			buildRules = (
			);
			dependencies = (
			);
			name = Mealer;
			productName = Mealer;
			productReference = 6143F7552451A8DE007CA873 /* Mealer.app */;
			productType = "com.apple.product-type.application";
		};
/* End PBXNativeTarget section */

/* Begin PBXProject section */
		6143F74D2451A8DD007CA873 /* Project object */ = {
			isa = PBXProject;
			attributes = {
				LastSwiftUpdateCheck = 1140;
				LastUpgradeCheck = 1140;
				ORGANIZATIONNAME = "Maksim Gavrilov";
				TargetAttributes = {
					6143F7542451A8DE007CA873 = {
						CreatedOnToolsVersion = 11.4.1;
					};
				};
			};
			buildConfigurationList = 6143F7502451A8DE007CA873 /* Build configuration list for PBXProject "Mealer" */;
			compatibilityVersion = "Xcode 9.3";
			developmentRegion = en;
			hasScannedForEncodings = 0;
			knownRegions = (
				en,
				Base,
			);
			mainGroup = 6143F74C2451A8DD007CA873;
			productRefGroup = 6143F7562451A8DE007CA873 /* Products */;
			projectDirPath = "";
			projectRoot = "";
			targets = (
				6143F7542451A8DE007CA873 /* Mealer */,
			);
		};
/* End PBXProject section */

/* Begin PBXResourcesBuildPhase section */
		6143F7532451A8DE007CA873 /* Resources */ = {
			isa = PBXResourcesBuildPhase;
			buildActionMask = 2147483647;
			files = (
				611784512459A0FA00BC7407 /* Podfile in Resources */,
				6143F7682451A8DF007CA873 /* LaunchScreen.storyboard in Resources */,
				61178455245D6A6700BC7407 /* CollectionViewCell.xib in Resources */,
				611784572461BC0D00BC7407 /* ColorSet.xcassets in Resources */,
				6117844F2459A0B400BC7407 /* GoogleService-Info.plist in Resources */,
				6143F7652451A8DF007CA873 /* Assets.xcassets in Resources */,
				6143F7602451A8DE007CA873 /* Main.storyboard in Resources */,
			);
			runOnlyForDeploymentPostprocessing = 0;
		};
/* End PBXResourcesBuildPhase section */

/* Begin PBXShellScriptBuildPhase section */
		4D1A79AA3C10CFF39BD6B402 /* [CP] Check Pods Manifest.lock */ = {
			isa = PBXShellScriptBuildPhase;
			buildActionMask = 2147483647;
			files = (
			);
			inputFileListPaths = (
			);
			inputPaths = (
				"${PODS_PODFILE_DIR_PATH}/Podfile.lock",
				"${PODS_ROOT}/Manifest.lock",
			);
			name = "[CP] Check Pods Manifest.lock";
			outputFileListPaths = (
			);
			outputPaths = (
				"$(DERIVED_FILE_DIR)/Pods-Mealer-checkManifestLockResult.txt",
			);
			runOnlyForDeploymentPostprocessing = 0;
			shellPath = /bin/sh;
			shellScript = "diff \"${PODS_PODFILE_DIR_PATH}/Podfile.lock\" \"${PODS_ROOT}/Manifest.lock\" > /dev/null\nif [ $? != 0 ] ; then\n    # print error to STDERR\n    echo \"error: The sandbox is not in sync with the Podfile.lock. Run 'pod install' or update your CocoaPods installation.\" >&2\n    exit 1\nfi\n# This output is used by Xcode 'outputs' to avoid re-running this script phase.\necho \"SUCCESS\" > \"${SCRIPT_OUTPUT_FILE_0}\"\n";
			showEnvVarsInLog = 0;
		};
		A4D5456369C333B048B43CCC /* [CP] Embed Pods Frameworks */ = {
			isa = PBXShellScriptBuildPhase;
			buildActionMask = 2147483647;
			files = (
			);
			inputFileListPaths = (
				"${PODS_ROOT}/Target Support Files/Pods-Mealer/Pods-Mealer-frameworks-${CONFIGURATION}-input-files.xcfilelist",
			);
			name = "[CP] Embed Pods Frameworks";
			outputFileListPaths = (
				"${PODS_ROOT}/Target Support Files/Pods-Mealer/Pods-Mealer-frameworks-${CONFIGURATION}-output-files.xcfilelist",
			);
			runOnlyForDeploymentPostprocessing = 0;
			shellPath = /bin/sh;
			shellScript = "\"${PODS_ROOT}/Target Support Files/Pods-Mealer/Pods-Mealer-frameworks.sh\"\n";
			showEnvVarsInLog = 0;
		};
/* End PBXShellScriptBuildPhase section */

/* Begin PBXSourcesBuildPhase section */
		6143F7512451A8DE007CA873 /* Sources */ = {
			isa = PBXSourcesBuildPhase;
			buildActionMask = 2147483647;
			files = (
				6143F7732452CC68007CA873 /* MealerInfo.swift in Sources */,
				612842AB24769C8F002520DC /* RegisterViewController.swift in Sources */,
				61178454245D6A6700BC7407 /* CollectionViewCell.swift in Sources */,
				6143F75D2451A8DE007CA873 /* RecepieViewController.swift in Sources */,
				612842A9247565A7002520DC /* Recepie.swift in Sources */,
				6117845B2462D04500BC7407 /* ResultViewController.swift in Sources */,
				6143F7632451A8DE007CA873 /* Mealer.xcdatamodeld in Sources */,
				611784592462C37D00BC7407 /* Constants.swift in Sources */,
				6143F7592451A8DE007CA873 /* AppDelegate.swift in Sources */,
				612842AD24769CFB002520DC /* WelcomeViewController.swift in Sources */,
				6143F75B2451A8DE007CA873 /* SceneDelegate.swift in Sources */,
				612842AF24769D3E002520DC /* LoginViewController.swift in Sources */,
				612842A724756594002520DC /* Ingridients.swift in Sources */,
			);
			runOnlyForDeploymentPostprocessing = 0;
		};
/* End PBXSourcesBuildPhase section */

/* Begin PBXVariantGroup section */
		6143F75E2451A8DE007CA873 /* Main.storyboard */ = {
			isa = PBXVariantGroup;
			children = (
				6143F75F2451A8DE007CA873 /* Base */,
			);
			name = Main.storyboard;
			sourceTree = "<group>";
		};
		6143F7662451A8DF007CA873 /* LaunchScreen.storyboard */ = {
			isa = PBXVariantGroup;
			children = (
				6143F7672451A8DF007CA873 /* Base */,
			);
			name = LaunchScreen.storyboard;
			sourceTree = "<group>";
		};
/* End PBXVariantGroup section */

/* Begin XCBuildConfiguration section */
		6143F76A2451A8DF007CA873 /* Debug */ = {
			isa = XCBuildConfiguration;
			buildSettings = {
				ALWAYS_SEARCH_USER_PATHS = NO;
				CLANG_ANALYZER_NONNULL = YES;
				CLANG_ANALYZER_NUMBER_OBJECT_CONVERSION = YES_AGGRESSIVE;
				CLANG_CXX_LANGUAGE_STANDARD = "gnu++14";
				CLANG_CXX_LIBRARY = "libc++";
				CLANG_ENABLE_MODULES = YES;
				CLANG_ENABLE_OBJC_ARC = YES;
				CLANG_ENABLE_OBJC_WEAK = YES;
				CLANG_WARN_BLOCK_CAPTURE_AUTORELEASING = YES;
				CLANG_WARN_BOOL_CONVERSION = YES;
				CLANG_WARN_COMMA = YES;
				CLANG_WARN_CONSTANT_CONVERSION = YES;
				CLANG_WARN_DEPRECATED_OBJC_IMPLEMENTATIONS = YES;
				CLANG_WARN_DIRECT_OBJC_ISA_USAGE = YES_ERROR;
				CLANG_WARN_DOCUMENTATION_COMMENTS = YES;
				CLANG_WARN_EMPTY_BODY = YES;
				CLANG_WARN_ENUM_CONVERSION = YES;
				CLANG_WARN_INFINITE_RECURSION = YES;
				CLANG_WARN_INT_CONVERSION = YES;
				CLANG_WARN_NON_LITERAL_NULL_CONVERSION = YES;
				CLANG_WARN_OBJC_IMPLICIT_RETAIN_SELF = YES;
				CLANG_WARN_OBJC_LITERAL_CONVERSION = YES;
				CLANG_WARN_OBJC_ROOT_CLASS = YES_ERROR;
				CLANG_WARN_RANGE_LOOP_ANALYSIS = YES;
				CLANG_WARN_STRICT_PROTOTYPES = YES;
				CLANG_WARN_SUSPICIOUS_MOVE = YES;
				CLANG_WARN_UNGUARDED_AVAILABILITY = YES_AGGRESSIVE;
				CLANG_WARN_UNREACHABLE_CODE = YES;
				CLANG_WARN__DUPLICATE_METHOD_MATCH = YES;
				COPY_PHASE_STRIP = NO;
				DEBUG_INFORMATION_FORMAT = dwarf;
				ENABLE_STRICT_OBJC_MSGSEND = YES;
				ENABLE_TESTABILITY = YES;
				GCC_C_LANGUAGE_STANDARD = gnu11;
				GCC_DYNAMIC_NO_PIC = NO;
				GCC_NO_COMMON_BLOCKS = YES;
				GCC_OPTIMIZATION_LEVEL = 0;
				GCC_PREPROCESSOR_DEFINITIONS = (
					"DEBUG=1",
					"$(inherited)",
				);
				GCC_WARN_64_TO_32_BIT_CONVERSION = YES;
				GCC_WARN_ABOUT_RETURN_TYPE = YES_ERROR;
				GCC_WARN_UNDECLARED_SELECTOR = YES;
				GCC_WARN_UNINITIALIZED_AUTOS = YES_AGGRESSIVE;
				GCC_WARN_UNUSED_FUNCTION = YES;
				GCC_WARN_UNUSED_VARIABLE = YES;
				IPHONEOS_DEPLOYMENT_TARGET = 13.4;
				MTL_ENABLE_DEBUG_INFO = INCLUDE_SOURCE;
				MTL_FAST_MATH = YES;
				ONLY_ACTIVE_ARCH = YES;
				SDKROOT = iphoneos;
				SWIFT_ACTIVE_COMPILATION_CONDITIONS = DEBUG;
				SWIFT_OPTIMIZATION_LEVEL = "-Onone";
			};
			name = Debug;
		};
		6143F76B2451A8DF007CA873 /* Release */ = {
			isa = XCBuildConfiguration;
			buildSettings = {
				ALWAYS_SEARCH_USER_PATHS = NO;
				CLANG_ANALYZER_NONNULL = YES;
				CLANG_ANALYZER_NUMBER_OBJECT_CONVERSION = YES_AGGRESSIVE;
				CLANG_CXX_LANGUAGE_STANDARD = "gnu++14";
				CLANG_CXX_LIBRARY = "libc++";
				CLANG_ENABLE_MODULES = YES;
				CLANG_ENABLE_OBJC_ARC = YES;
				CLANG_ENABLE_OBJC_WEAK = YES;
				CLANG_WARN_BLOCK_CAPTURE_AUTORELEASING = YES;
				CLANG_WARN_BOOL_CONVERSION = YES;
				CLANG_WARN_COMMA = YES;
				CLANG_WARN_CONSTANT_CONVERSION = YES;
				CLANG_WARN_DEPRECATED_OBJC_IMPLEMENTATIONS = YES;
				CLANG_WARN_DIRECT_OBJC_ISA_USAGE = YES_ERROR;
				CLANG_WARN_DOCUMENTATION_COMMENTS = YES;
				CLANG_WARN_EMPTY_BODY = YES;
				CLANG_WARN_ENUM_CONVERSION = YES;
				CLANG_WARN_INFINITE_RECURSION = YES;
				CLANG_WARN_INT_CONVERSION = YES;
				CLANG_WARN_NON_LITERAL_NULL_CONVERSION = YES;
				CLANG_WARN_OBJC_IMPLICIT_RETAIN_SELF = YES;
				CLANG_WARN_OBJC_LITERAL_CONVERSION = YES;
				CLANG_WARN_OBJC_ROOT_CLASS = YES_ERROR;
				CLANG_WARN_RANGE_LOOP_ANALYSIS = YES;
				CLANG_WARN_STRICT_PROTOTYPES = YES;
				CLANG_WARN_SUSPICIOUS_MOVE = YES;
				CLANG_WARN_UNGUARDED_AVAILABILITY = YES_AGGRESSIVE;
				CLANG_WARN_UNREACHABLE_CODE = YES;
				CLANG_WARN__DUPLICATE_METHOD_MATCH = YES;
				COPY_PHASE_STRIP = NO;
				DEBUG_INFORMATION_FORMAT = "dwarf-with-dsym";
				ENABLE_NS_ASSERTIONS = NO;
				ENABLE_STRICT_OBJC_MSGSEND = YES;
				GCC_C_LANGUAGE_STANDARD = gnu11;
				GCC_NO_COMMON_BLOCKS = YES;
				GCC_WARN_64_TO_32_BIT_CONVERSION = YES;
				GCC_WARN_ABOUT_RETURN_TYPE = YES_ERROR;
				GCC_WARN_UNDECLARED_SELECTOR = YES;
				GCC_WARN_UNINITIALIZED_AUTOS = YES_AGGRESSIVE;
				GCC_WARN_UNUSED_FUNCTION = YES;
				GCC_WARN_UNUSED_VARIABLE = YES;
				IPHONEOS_DEPLOYMENT_TARGET = 13.4;
				MTL_ENABLE_DEBUG_INFO = NO;
				MTL_FAST_MATH = YES;
				SDKROOT = iphoneos;
				SWIFT_COMPILATION_MODE = wholemodule;
				SWIFT_OPTIMIZATION_LEVEL = "-O";
				VALIDATE_PRODUCT = YES;
			};
			name = Release;
		};
		6143F76D2451A8DF007CA873 /* Debug */ = {
			isa = XCBuildConfiguration;
			baseConfigurationReference = FC083CE1AF344B56FC863486 /* Pods-Mealer.debug.xcconfig */;
			buildSettings = {
				ASSETCATALOG_COMPILER_APPICON_NAME = AppIcon;
				CODE_SIGN_STYLE = Automatic;
				DEVELOPMENT_TEAM = 3BXZN3AZMP;
				INFOPLIST_FILE = Mealer/Info.plist;
				LD_RUNPATH_SEARCH_PATHS = (
					"$(inherited)",
					"@executable_path/Frameworks",
				);
				PRODUCT_BUNDLE_IDENTIFIER = ru.gavrilovlabs.Mealer;
				PRODUCT_NAME = "$(TARGET_NAME)";
				SWIFT_VERSION = 5.0;
				TARGETED_DEVICE_FAMILY = 1;
			};
			name = Debug;
		};
		6143F76E2451A8DF007CA873 /* Release */ = {
			isa = XCBuildConfiguration;
			baseConfigurationReference = 86D6CE07F520737F04121B1B /* Pods-Mealer.release.xcconfig */;
			buildSettings = {
				ASSETCATALOG_COMPILER_APPICON_NAME = AppIcon;
				CODE_SIGN_STYLE = Automatic;
				DEVELOPMENT_TEAM = 3BXZN3AZMP;
				INFOPLIST_FILE = Mealer/Info.plist;
				LD_RUNPATH_SEARCH_PATHS = (
					"$(inherited)",
					"@executable_path/Frameworks",
				);
				PRODUCT_BUNDLE_IDENTIFIER = ru.gavrilovlabs.Mealer;
				PRODUCT_NAME = "$(TARGET_NAME)";
				SWIFT_VERSION = 5.0;
				TARGETED_DEVICE_FAMILY = 1;
			};
			name = Release;
		};
/* End XCBuildConfiguration section */

/* Begin XCConfigurationList section */
		6143F7502451A8DE007CA873 /* Build configuration list for PBXProject "Mealer" */ = {
			isa = XCConfigurationList;
			buildConfigurations = (
				6143F76A2451A8DF007CA873 /* Debug */,
				6143F76B2451A8DF007CA873 /* Release */,
			);
			defaultConfigurationIsVisible = 0;
			defaultConfigurationName = Release;
		};
		6143F76C2451A8DF007CA873 /* Build configuration list for PBXNativeTarget "Mealer" */ = {
			isa = XCConfigurationList;
			buildConfigurations = (
				6143F76D2451A8DF007CA873 /* Debug */,
				6143F76E2451A8DF007CA873 /* Release */,
			);
			defaultConfigurationIsVisible = 0;
			defaultConfigurationName = Release;
		};
/* End XCConfigurationList section */

/* Begin XCVersionGroup section */
		6143F7612451A8DE007CA873 /* Mealer.xcdatamodeld */ = {
			isa = XCVersionGroup;
			children = (
				6143F7622451A8DE007CA873 /* Mealer.xcdatamodel */,
			);
			currentVersion = 6143F7622451A8DE007CA873 /* Mealer.xcdatamodel */;
			path = Mealer.xcdatamodeld;
			sourceTree = "<group>";
			versionGroupType = wrapper.xcdatamodel;
		};
/* End XCVersionGroup section */
	};
	rootObject = 6143F74D2451A8DD007CA873 /* Project object */;
}
